
Microsoft Visual Studio Solution File, Format Version 12.00
# Visual Studio 15
VisualStudioVersion = 15.0.28307.1738
MinimumVisualStudioVersion = 10.0.40219.1
Project("{9A19103F-16F7-4668-BE54-9A1E7A4F7556}") = "PromotionEngine.Tests", "PromotionEngine.Tests\PromotionEngine.Tests.csproj", "{DDC4F5DE-CE0F-48EF-8B08-BCB38572D399}"
EndProject
Project("{9A19103F-16F7-4668-BE54-9A1E7A4F7556}") = "PromotionEngine.Core", "PromotionEngine.Core\PromotionEngine.Core.csproj", "{A5594023-21E9-45F8-8928-AA591AD1D80B}"
EndProject
Project("{9A19103F-16F7-4668-BE54-9A1E7A4F7556}") = "PromotionEngine.DataServices", "PromotionEngine.DataServices\PromotionEngine.DataServices.csproj", "{ED132F57-622C-483E-9255-11209CAF97F9}"
EndProject
Project("{9A19103F-16F7-4668-BE54-9A1E7A4F7556}") = "PromotionEngine.Domains", "PromotionEngine.Domains\PromotionEngine.Domains.csproj", "{D23EF66B-76CD-4754-975A-962020F850A6}"
EndProject
Project("{2150E333-8FDC-42A3-9474-1A3956D46DE8}") = "Solution Items", "Solution Items", "{0DE061BD-8714-4EC5-82C3-D4327161FB71}"
	ProjectSection(SolutionItems) = preProject
		Notes.txt = Notes.txt
	EndProjectSection
EndProject
Global
	GlobalSection(SolutionConfigurationPlatforms) = preSolution
		Debug|Any CPU = Debug|Any CPU
		Release|Any CPU = Release|Any CPU
	EndGlobalSection
	GlobalSection(ProjectConfigurationPlatforms) = postSolution
		{DDC4F5DE-CE0F-48EF-8B08-BCB38572D399}.Debug|Any CPU.ActiveCfg = Debug|Any CPU
		{DDC4F5DE-CE0F-48EF-8B08-BCB38572D399}.Debug|Any CPU.Build.0 = Debug|Any CPU
		{DDC4F5DE-CE0F-48EF-8B08-BCB38572D399}.Release|Any CPU.ActiveCfg = Release|Any CPU
		{DDC4F5DE-CE0F-48EF-8B08-BCB38572D399}.Release|Any CPU.Build.0 = Release|Any CPU
		{A5594023-21E9-45F8-8928-AA591AD1D80B}.Debug|Any CPU.ActiveCfg = Debug|Any CPU
		{A5594023-21E9-45F8-8928-AA591AD1D80B}.Debug|Any CPU.Build.0 = Debug|Any CPU
		{A5594023-21E9-45F8-8928-AA591AD1D80B}.Release|Any CPU.ActiveCfg = Release|Any CPU
		{A5594023-21E9-45F8-8928-AA591AD1D80B}.Release|Any CPU.Build.0 = Release|Any CPU
		{ED132F57-622C-483E-9255-11209CAF97F9}.Debug|Any CPU.ActiveCfg = Debug|Any CPU
		{ED132F57-622C-483E-9255-11209CAF97F9}.Debug|Any CPU.Build.0 = Debug|Any CPU
		{ED132F57-622C-483E-9255-11209CAF97F9}.Release|Any CPU.ActiveCfg = Release|Any CPU
		{ED132F57-622C-483E-9255-11209CAF97F9}.Release|Any CPU.Build.0 = Release|Any CPU
		{D23EF66B-76CD-4754-975A-962020F850A6}.Debug|Any CPU.ActiveCfg = Debug|Any CPU
		{D23EF66B-76CD-4754-975A-962020F850A6}.Debug|Any CPU.Build.0 = Debug|Any CPU
		{D23EF66B-76CD-4754-975A-962020F850A6}.Release|Any CPU.ActiveCfg = Release|Any CPU
		{D23EF66B-76CD-4754-975A-962020F850A6}.Release|Any CPU.Build.0 = Release|Any CPU
	EndGlobalSection
	GlobalSection(SolutionProperties) = preSolution
		HideSolutionNode = FALSE
	EndGlobalSection
	GlobalSection(ExtensibilityGlobals) = postSolution
		SolutionGuid = {64ED7B96-9729-4025-9C61-275735AEFF53}
	EndGlobalSection
EndGlobal
